
Microsoft Visual Studio Solution File, Format Version 12.00
# Visual Studio 14
VisualStudioVersion = 14.0.25420.1
MinimumVisualStudioVersion = 10.0.40219.1
Project("{FAE04EC0-301F-11D3-BF4B-00C04F79EFBC}") = "Fluffy", "Fluffy\Fluffy.csproj", "{D71045AF-C947-4B49-821D-93F45CD424F9}"
EndProject
Project("{FAE04EC0-301F-11D3-BF4B-00C04F79EFBC}") = "Tcp.Server", "Tcp.Server\Tcp.Server.csproj", "{910E7A2D-E392-4CCD-8FB5-C6EFDACC4CEE}"
EndProject
Project("{FAE04EC0-301F-11D3-BF4B-00C04F79EFBC}") = "Tcp.Client", "Tcp.Client\Tcp.Client.csproj", "{75B143FD-4DF1-4974-AE3A-AEE48B1F02B8}"
EndProject
Project("{FAE04EC0-301F-11D3-BF4B-00C04F79EFBC}") = "Puppy", "Puppy\Puppy.csproj", "{A9ED3F63-EEE4-4EF7-8CF6-8D423A0E7566}"
EndProject
Project("{FAE04EC0-301F-11D3-BF4B-00C04F79EFBC}") = "Async", "Async\Async.csproj", "{2596478E-DE38-4F85-9E40-8E0EB685E605}"
EndProject
Project("{FAE04EC0-301F-11D3-BF4B-00C04F79EFBC}") = "DesignPattern", "DesignPattern\DesignPattern.csproj", "{8A2C1988-7B6D-4AEE-BD73-4D13EAA1E3FA}"
EndProject
Project("{FAE04EC0-301F-11D3-BF4B-00C04F79EFBC}") = "OwinSelftHostSample", "OwinSelftHostSample\OwinSelftHostSample.csproj", "{A1735FFB-8F62-47B0-AE17-0DEE1271A0F7}"
EndProject
Project("{FAE04EC0-301F-11D3-BF4B-00C04F79EFBC}") = "OwinWeb", "OwinWeb\OwinWeb.csproj", "{736A196B-CDE6-423F-A4B8-803CFD963B47}"
EndProject
Project("{FAE04EC0-301F-11D3-BF4B-00C04F79EFBC}") = "OwinWeb.Test", "OwinWeb.Test\OwinWeb.Test.csproj", "{3AA10A6F-6552-4199-995D-BA62BDD6BE04}"
EndProject
Project("{FAE04EC0-301F-11D3-BF4B-00C04F79EFBC}") = "CLR", "CLR\CLR.csproj", "{221AC059-EAE2-45EE-BCD8-5247A53F01AC}"
EndProject
Project("{FAE04EC0-301F-11D3-BF4B-00C04F79EFBC}") = "DisposablePractice", "DisposablePractice\DisposablePractice.csproj", "{FAF9A5C7-B43A-44E1-8BC8-4BCBB3823088}"
EndProject
Project("{FAE04EC0-301F-11D3-BF4B-00C04F79EFBC}") = "DesignPattern.Test", "DesignPattern.Test\DesignPattern.Test.csproj", "{D3BB4D67-FB1F-411F-96CE-43CE6C7ED440}"
EndProject
Project("{FAE04EC0-301F-11D3-BF4B-00C04F79EFBC}") = "CLR.Tests", "CLR.Tests\CLR.Tests.csproj", "{6DDE4267-83F9-4FF8-97F4-5D8B51BDA28F}"
EndProject
Global
	GlobalSection(SolutionConfigurationPlatforms) = preSolution
		Debug|Any CPU = Debug|Any CPU
		Release|Any CPU = Release|Any CPU
	EndGlobalSection
	GlobalSection(ProjectConfigurationPlatforms) = postSolution
		{D71045AF-C947-4B49-821D-93F45CD424F9}.Debug|Any CPU.ActiveCfg = Debug|Any CPU
		{D71045AF-C947-4B49-821D-93F45CD424F9}.Debug|Any CPU.Build.0 = Debug|Any CPU
		{D71045AF-C947-4B49-821D-93F45CD424F9}.Release|Any CPU.ActiveCfg = Release|Any CPU
		{D71045AF-C947-4B49-821D-93F45CD424F9}.Release|Any CPU.Build.0 = Release|Any CPU
		{910E7A2D-E392-4CCD-8FB5-C6EFDACC4CEE}.Debug|Any CPU.ActiveCfg = Debug|Any CPU
		{910E7A2D-E392-4CCD-8FB5-C6EFDACC4CEE}.Debug|Any CPU.Build.0 = Debug|Any CPU
		{910E7A2D-E392-4CCD-8FB5-C6EFDACC4CEE}.Release|Any CPU.ActiveCfg = Release|Any CPU
		{910E7A2D-E392-4CCD-8FB5-C6EFDACC4CEE}.Release|Any CPU.Build.0 = Release|Any CPU
		{75B143FD-4DF1-4974-AE3A-AEE48B1F02B8}.Debug|Any CPU.ActiveCfg = Debug|Any CPU
		{75B143FD-4DF1-4974-AE3A-AEE48B1F02B8}.Debug|Any CPU.Build.0 = Debug|Any CPU
		{75B143FD-4DF1-4974-AE3A-AEE48B1F02B8}.Release|Any CPU.ActiveCfg = Release|Any CPU
		{75B143FD-4DF1-4974-AE3A-AEE48B1F02B8}.Release|Any CPU.Build.0 = Release|Any CPU
		{A9ED3F63-EEE4-4EF7-8CF6-8D423A0E7566}.Debug|Any CPU.ActiveCfg = Debug|Any CPU
		{A9ED3F63-EEE4-4EF7-8CF6-8D423A0E7566}.Debug|Any CPU.Build.0 = Debug|Any CPU
		{A9ED3F63-EEE4-4EF7-8CF6-8D423A0E7566}.Release|Any CPU.ActiveCfg = Release|Any CPU
		{A9ED3F63-EEE4-4EF7-8CF6-8D423A0E7566}.Release|Any CPU.Build.0 = Release|Any CPU
		{2596478E-DE38-4F85-9E40-8E0EB685E605}.Debug|Any CPU.ActiveCfg = Debug|Any CPU
		{2596478E-DE38-4F85-9E40-8E0EB685E605}.Debug|Any CPU.Build.0 = Debug|Any CPU
		{2596478E-DE38-4F85-9E40-8E0EB685E605}.Release|Any CPU.ActiveCfg = Release|Any CPU
		{2596478E-DE38-4F85-9E40-8E0EB685E605}.Release|Any CPU.Build.0 = Release|Any CPU
		{8A2C1988-7B6D-4AEE-BD73-4D13EAA1E3FA}.Debug|Any CPU.ActiveCfg = Debug|Any CPU
		{8A2C1988-7B6D-4AEE-BD73-4D13EAA1E3FA}.Debug|Any CPU.Build.0 = Debug|Any CPU
		{8A2C1988-7B6D-4AEE-BD73-4D13EAA1E3FA}.Release|Any CPU.ActiveCfg = Release|Any CPU
		{8A2C1988-7B6D-4AEE-BD73-4D13EAA1E3FA}.Release|Any CPU.Build.0 = Release|Any CPU
		{A1735FFB-8F62-47B0-AE17-0DEE1271A0F7}.Debug|Any CPU.ActiveCfg = Debug|Any CPU
		{A1735FFB-8F62-47B0-AE17-0DEE1271A0F7}.Debug|Any CPU.Build.0 = Debug|Any CPU
		{A1735FFB-8F62-47B0-AE17-0DEE1271A0F7}.Release|Any CPU.ActiveCfg = Release|Any CPU
		{A1735FFB-8F62-47B0-AE17-0DEE1271A0F7}.Release|Any CPU.Build.0 = Release|Any CPU
		{736A196B-CDE6-423F-A4B8-803CFD963B47}.Debug|Any CPU.ActiveCfg = Debug|Any CPU
		{736A196B-CDE6-423F-A4B8-803CFD963B47}.Debug|Any CPU.Build.0 = Debug|Any CPU
		{736A196B-CDE6-423F-A4B8-803CFD963B47}.Release|Any CPU.ActiveCfg = Release|Any CPU
		{736A196B-CDE6-423F-A4B8-803CFD963B47}.Release|Any CPU.Build.0 = Release|Any CPU
		{3AA10A6F-6552-4199-995D-BA62BDD6BE04}.Debug|Any CPU.ActiveCfg = Debug|Any CPU
		{3AA10A6F-6552-4199-995D-BA62BDD6BE04}.Debug|Any CPU.Build.0 = Debug|Any CPU
		{3AA10A6F-6552-4199-995D-BA62BDD6BE04}.Release|Any CPU.ActiveCfg = Release|Any CPU
		{3AA10A6F-6552-4199-995D-BA62BDD6BE04}.Release|Any CPU.Build.0 = Release|Any CPU
		{221AC059-EAE2-45EE-BCD8-5247A53F01AC}.Debug|Any CPU.ActiveCfg = Debug|Any CPU
		{221AC059-EAE2-45EE-BCD8-5247A53F01AC}.Debug|Any CPU.Build.0 = Debug|Any CPU
		{221AC059-EAE2-45EE-BCD8-5247A53F01AC}.Release|Any CPU.ActiveCfg = Release|Any CPU
		{221AC059-EAE2-45EE-BCD8-5247A53F01AC}.Release|Any CPU.Build.0 = Release|Any CPU
		{FAF9A5C7-B43A-44E1-8BC8-4BCBB3823088}.Debug|Any CPU.ActiveCfg = Debug|Any CPU
		{FAF9A5C7-B43A-44E1-8BC8-4BCBB3823088}.Debug|Any CPU.Build.0 = Debug|Any CPU
		{FAF9A5C7-B43A-44E1-8BC8-4BCBB3823088}.Release|Any CPU.ActiveCfg = Release|Any CPU
		{FAF9A5C7-B43A-44E1-8BC8-4BCBB3823088}.Release|Any CPU.Build.0 = Release|Any CPU
		{D3BB4D67-FB1F-411F-96CE-43CE6C7ED440}.Debug|Any CPU.ActiveCfg = Debug|Any CPU
		{D3BB4D67-FB1F-411F-96CE-43CE6C7ED440}.Debug|Any CPU.Build.0 = Debug|Any CPU
		{D3BB4D67-FB1F-411F-96CE-43CE6C7ED440}.Release|Any CPU.ActiveCfg = Release|Any CPU
		{D3BB4D67-FB1F-411F-96CE-43CE6C7ED440}.Release|Any CPU.Build.0 = Release|Any CPU
		{6DDE4267-83F9-4FF8-97F4-5D8B51BDA28F}.Debug|Any CPU.ActiveCfg = Debug|Any CPU
		{6DDE4267-83F9-4FF8-97F4-5D8B51BDA28F}.Debug|Any CPU.Build.0 = Debug|Any CPU
		{6DDE4267-83F9-4FF8-97F4-5D8B51BDA28F}.Release|Any CPU.ActiveCfg = Release|Any CPU
		{6DDE4267-83F9-4FF8-97F4-5D8B51BDA28F}.Release|Any CPU.Build.0 = Release|Any CPU
	EndGlobalSection
	GlobalSection(SolutionProperties) = preSolution
		HideSolutionNode = FALSE
	EndGlobalSection
EndGlobal
